
Microsoft Visual Studio Solution File, Format Version 12.00
# Visual Studio Version 17
VisualStudioVersion = 17.0.31410.414
MinimumVisualStudioVersion = 10.0.40219.1
Project("{9A19103F-16F7-4668-BE54-9A1E7A4F7556}") = "NetCord", "NetCord\NetCord.csproj", "{802F5245-48E0-4554-ABA7-F4E8DAD47E52}"
EndProject
Project("{9A19103F-16F7-4668-BE54-9A1E7A4F7556}") = "NetCord.Test", "Tests\NetCord.Test\NetCord.Test.csproj", "{6E0A8D63-E00E-4744-BB4D-8B71B228C9CA}"
EndProject
Project("{2150E333-8FDC-42A3-9474-1A3956D46DE8}") = "Solution Items", "Solution Items", "{8B9CC088-2C2E-4AC4-B6E6-14A02DCBEF3E}"
	ProjectSection(SolutionItems) = preProject
		.editorconfig = .editorconfig
	EndProjectSection
EndProject
Project("{9A19103F-16F7-4668-BE54-9A1E7A4F7556}") = "NetCord.Services", "NetCord.Services\NetCord.Services.csproj", "{495D537B-2E05-44F0-9993-2600311A15B0}"
EndProject
Project("{2150E333-8FDC-42A3-9474-1A3956D46DE8}") = "Tests", "Tests", "{5E156987-5CC6-4873-B774-F41CBD7D3F3D}"
EndProject
Project("{9A19103F-16F7-4668-BE54-9A1E7A4F7556}") = "SnowflakeTest", "Tests\SnowflakeTest\SnowflakeTest.csproj", "{621D2994-DCBF-4A8D-91FB-9B264C462FE7}"
EndProject
Project("{9A19103F-16F7-4668-BE54-9A1E7A4F7556}") = "MentionTest", "Tests\MentionTest\MentionTest.csproj", "{567AEDB7-EFC5-4555-AB85-E1FBAB7A0F21}"
EndProject
Project("{9A19103F-16F7-4668-BE54-9A1E7A4F7556}") = "TokenTest", "Tests\TokenTest\TokenTest.csproj", "{B6698DB7-5FCF-47C9-BAE0-5206D7E9D9AF}"
EndProject
Project("{9A19103F-16F7-4668-BE54-9A1E7A4F7556}") = "ColorTest", "Tests\ColorTest\ColorTest.csproj", "{7471B70A-AF62-4E74-8B6D-4FEE93E873F8}"
EndProject
Project("{9A19103F-16F7-4668-BE54-9A1E7A4F7556}") = "TimestampTest", "Tests\TimestampTest\TimestampTest.csproj", "{B4AB1DD3-2016-4099-AD41-3248627069CE}"
EndProject
Project("{9A19103F-16F7-4668-BE54-9A1E7A4F7556}") = "NetCord.Test.Sharded", "Tests\NetCord.Test.Sharded\NetCord.Test.Sharded.csproj", "{5CE4882E-DE7A-49E3-AA94-A12F0443C8B0}"
EndProject
Project("{2150E333-8FDC-42A3-9474-1A3956D46DE8}") = "SourceGenerators", "SourceGenerators", "{0A9D75D2-B760-43E3-8A18-1BF2F629D0FB}"
EndProject
Project("{9A19103F-16F7-4668-BE54-9A1E7A4F7556}") = "MethodsForPropertiesGenerator", "SourceGenerators\MethodsForPropertiesGenerator\MethodsForPropertiesGenerator.csproj", "{0B949510-7B18-4CC4-8CC8-5E1B115777F8}"
EndProject
Project("{2150E333-8FDC-42A3-9474-1A3956D46DE8}") = "Documentation", "Documentation", "{956FC770-6623-43F6-B74B-000B7587A287}"
	ProjectSection(SolutionItems) = preProject
		Documentation\.editorconfig = Documentation\.editorconfig
	EndProjectSection
EndProject
Project("{2150E333-8FDC-42A3-9474-1A3956D46DE8}") = "guides", "guides", "{FDFF38F4-A459-4809-BA63-01A2BEC131ED}"
EndProject
Project("{2150E333-8FDC-42A3-9474-1A3956D46DE8}") = "getting-started", "getting-started", "{64478C1F-B2ED-4A98-8C15-1EC3B9F57519}"
EndProject
Project("{9A19103F-16F7-4668-BE54-9A1E7A4F7556}") = "Coding", "Documentation\guides\getting-started\Coding\Coding.csproj", "{CF4C66FE-BD94-483C-BDD0-357C17119F87}"
EndProject
Project("{2150E333-8FDC-42A3-9474-1A3956D46DE8}") = "events", "events", "{3678BAB0-28A1-4F41-86F7-AD1CC167AFD2}"
EndProject
Project("{9A19103F-16F7-4668-BE54-9A1E7A4F7556}") = "Intents", "Documentation\guides\events\Intents\Intents.csproj", "{F78C310B-4461-4CC3-94F8-86704FAE787A}"
EndProject
Project("{9A19103F-16F7-4668-BE54-9A1E7A4F7556}") = "FirstEvents", "Documentation\guides\events\FirstEvents\FirstEvents.csproj", "{07CD40C3-245E-4303-8BC2-95F7D5AE68DE}"
EndProject
Project("{9A19103F-16F7-4668-BE54-9A1E7A4F7556}") = "Voice", "Documentation\guides\basic-concepts\Voice\Voice.csproj", "{4FE771E4-C040-42CA-A4BC-8CDC15533309}"
EndProject
Project("{2150E333-8FDC-42A3-9474-1A3956D46DE8}") = "services", "services", "{F69A383B-F073-4962-8EBC-29BB63F351CE}"
EndProject
Project("{2150E333-8FDC-42A3-9474-1A3956D46DE8}") = "text-commands", "text-commands", "{4EC1FB11-D5A6-48ED-B46A-0C5769E2F962}"
EndProject
Project("{9A19103F-16F7-4668-BE54-9A1E7A4F7556}") = "Parameters", "Documentation\guides\services\text-commands\Parameters\Parameters.csproj", "{DD2BD705-EA8B-4782-B513-83ABD8308F67}"
EndProject
Project("{9A19103F-16F7-4668-BE54-9A1E7A4F7556}") = "Aliases", "Documentation\guides\services\text-commands\Aliases\Aliases.csproj", "{D9DC3CF2-86EF-4098-B635-06D4FA4C2154}"
EndProject
Project("{2150E333-8FDC-42A3-9474-1A3956D46DE8}") = "application-commands", "application-commands", "{46E6F97B-83C3-4B66-8B0F-226D02DEC5A0}"
EndProject
Project("{9A19103F-16F7-4668-BE54-9A1E7A4F7556}") = "MultipleServices", "Documentation\guides\services\application-commands\MultipleServices\MultipleServices.csproj", "{B1E5260D-9EE1-46C1-A4D7-344D1BFF274E}"
EndProject
Project("{9A19103F-16F7-4668-BE54-9A1E7A4F7556}") = "Localizations", "Documentation\guides\services\application-commands\Localizations\Localizations.csproj", "{23DEB462-E841-4006-A99A-8592B9EA9470}"
EndProject
Project("{9A19103F-16F7-4668-BE54-9A1E7A4F7556}") = "Parameters", "Documentation\guides\services\application-commands\Parameters\Parameters.csproj", "{DB557D48-F1E6-4D9D-97CB-7C4EFFBA55A8}"
EndProject
Project("{9A19103F-16F7-4668-BE54-9A1E7A4F7556}") = "Permissions", "Documentation\guides\services\application-commands\Permissions\Permissions.csproj", "{C6285F5E-DF87-4A5E-80EC-E479747AEEB4}"
EndProject
Project("{2150E333-8FDC-42A3-9474-1A3956D46DE8}") = "component-interactions", "component-interactions", "{5631D9FD-493B-40C6-85CC-D8742DF012CB}"
EndProject
Project("{9A19103F-16F7-4668-BE54-9A1E7A4F7556}") = "DependencyInjection", "Documentation\guides\services\DependencyInjection\DependencyInjection.csproj", "{AB104A05-7EF3-4D3A-9B43-EFB885D2FD18}"
EndProject
Project("{2150E333-8FDC-42A3-9474-1A3956D46DE8}") = "Preconditions", "Preconditions", "{2371291A-1021-4A8C-928A-B0878DCD21B9}"
EndProject
Project("{9A19103F-16F7-4668-BE54-9A1E7A4F7556}") = "Preconditions", "Documentation\guides\services\Preconditions\Preconditions\Preconditions.csproj", "{9DDF97DA-216A-47B5-B74A-BAA9E4AECF3C}"
EndProject
Project("{9A19103F-16F7-4668-BE54-9A1E7A4F7556}") = "ParameterPreconditions", "Documentation\guides\services\Preconditions\ParameterPreconditions\ParameterPreconditions.csproj", "{CF814641-C5B2-4FE1-B9AA-D496F90B14F6}"
EndProject
Project("{2150E333-8FDC-42A3-9474-1A3956D46DE8}") = "CustomModuleBasesAndContexts", "CustomModuleBasesAndContexts", "{9D513F65-7725-466C-B62E-0E988BF2CCDE}"
EndProject
Project("{9A19103F-16F7-4668-BE54-9A1E7A4F7556}") = "CustomModuleBases", "Documentation\guides\services\CustomModuleBasesAndContexts\CustomModuleBases\CustomModuleBases.csproj", "{91D34DA8-B753-4174-8F16-702E322BDCD8}"
EndProject
Project("{9A19103F-16F7-4668-BE54-9A1E7A4F7556}") = "CustomContexts", "Documentation\guides\services\CustomModuleBasesAndContexts\CustomContexts\CustomContexts.csproj", "{1098C5F6-B9F1-4206-805C-5AC78315E946}"
EndProject
Project("{9A19103F-16F7-4668-BE54-9A1E7A4F7556}") = "Sharding", "Documentation\guides\basic-concepts\Sharding\Sharding.csproj", "{7FF73C26-720D-47FC-858C-74A5B545FE73}"
EndProject
Project("{9A19103F-16F7-4668-BE54-9A1E7A4F7556}") = "Subcommands", "Documentation\guides\services\application-commands\Subcommands\Subcommands.csproj", "{9FD4FB24-2910-42B2-A89B-3E823145467E}"
EndProject
Project("{9A19103F-16F7-4668-BE54-9A1E7A4F7556}") = "UserAgentHeaderGenerator", "SourceGenerators\UserAgentHeaderGenerator\UserAgentHeaderGenerator.csproj", "{E844293D-91EB-4E6E-9E57-8B9C109C6640}"
EndProject
Project("{9A19103F-16F7-4668-BE54-9A1E7A4F7556}") = "Shared", "SourceGenerators\Shared\Shared.csproj", "{624246E3-4194-4952-BDDD-52254E94D5D6}"
EndProject
Project("{9A19103F-16F7-4668-BE54-9A1E7A4F7556}") = "NetCord.Test.Hosting", "Tests\NetCord.Test.Hosting\NetCord.Test.Hosting.csproj", "{8E1206F6-99D6-44A4-84FE-D8A6FE021A09}"
EndProject
Project("{9A19103F-16F7-4668-BE54-9A1E7A4F7556}") = "NetCord.Hosting", "Hosting\NetCord.Hosting\NetCord.Hosting.csproj", "{CA86C6D8-8A5C-44D3-98E7-3278AF51404A}"
EndProject
Project("{9A19103F-16F7-4668-BE54-9A1E7A4F7556}") = "NetCord.Hosting.AspNetCore", "Hosting\NetCord.Hosting.AspNetCore\NetCord.Hosting.AspNetCore.csproj", "{C51F865B-3002-4438-ABF5-56B4DB42BBA5}"
EndProject
Project("{9A19103F-16F7-4668-BE54-9A1E7A4F7556}") = "NetCord.Test.Hosting.AspNetCore", "Tests\NetCord.Test.Hosting.AspNetCore\NetCord.Test.Hosting.AspNetCore.csproj", "{DA6CA7EB-016A-415A-8909-6A2B2588B71A}"
EndProject
Project("{9A19103F-16F7-4668-BE54-9A1E7A4F7556}") = "NetCord.Hosting.Services", "Hosting\NetCord.Hosting.Services\NetCord.Hosting.Services.csproj", "{5985051C-DE41-4FF5-939B-32C8D10EDBC3}"
EndProject
Project("{9A19103F-16F7-4668-BE54-9A1E7A4F7556}") = "NetCord.Test.Sharded.Hosting", "Tests\NetCord.Test.Sharded.Hosting\NetCord.Test.Sharded.Hosting.csproj", "{997B8089-CE3C-4DD7-87F9-2E4A2BA364D6}"
EndProject
Project("{2150E333-8FDC-42A3-9474-1A3956D46DE8}") = "Hosting", "Hosting", "{737B0970-FA77-4942-A24D-A6EF12D37C88}"
EndProject
Project("{9A19103F-16F7-4668-BE54-9A1E7A4F7556}") = "CodingHosting", "Documentation\guides\getting-started\CodingHosting\CodingHosting.csproj", "{DF641C80-A429-42CB-BFAD-6BC8566394AD}"
EndProject
Project("{9A19103F-16F7-4668-BE54-9A1E7A4F7556}") = "IntentsHosting", "Documentation\guides\events\IntentsHosting\IntentsHosting.csproj", "{D6220C0A-4D1C-4A3F-B95C-FE716762FE35}"
EndProject
Project("{9A19103F-16F7-4668-BE54-9A1E7A4F7556}") = "FirstEventsHosting", "Documentation\guides\events\FirstEventsHosting\FirstEventsHosting.csproj", "{92EC59FE-81F5-419C-83EC-9CF4426E541E}"
EndProject
Project("{9A19103F-16F7-4668-BE54-9A1E7A4F7556}") = "Introduction", "Documentation\guides\services\application-commands\Introduction\Introduction.csproj", "{75A28BBF-DBF8-4519-ABE1-0092FFF4A1EB}"
EndProject
Project("{9A19103F-16F7-4668-BE54-9A1E7A4F7556}") = "IntroductionHosting", "Documentation\guides\services\application-commands\IntroductionHosting\IntroductionHosting.csproj", "{06CFC831-0C74-41A3-A5BA-D018ADB52F33}"
EndProject
Project("{9A19103F-16F7-4668-BE54-9A1E7A4F7556}") = "Introduction", "Documentation\guides\services\component-interactions\Introduction\Introduction.csproj", "{962CC3D5-3735-4446-8D60-82FDD5B7C169}"
EndProject
Project("{9A19103F-16F7-4668-BE54-9A1E7A4F7556}") = "IntroductionHosting", "Documentation\guides\services\component-interactions\IntroductionHosting\IntroductionHosting.csproj", "{8C7E6E04-0DA4-4F1F-88D1-4F4F74460BDD}"
EndProject
Project("{9A19103F-16F7-4668-BE54-9A1E7A4F7556}") = "Introduction", "Documentation\guides\services\text-commands\Introduction\Introduction.csproj", "{9504529C-47DF-4F5C-AF2B-B3CFF3D051F2}"
EndProject
Project("{9A19103F-16F7-4668-BE54-9A1E7A4F7556}") = "IntroductionHosting", "Documentation\guides\services\text-commands\IntroductionHosting\IntroductionHosting.csproj", "{8EFD716E-8715-422D-BBC3-8FCA2ED9164A}"
EndProject
Project("{9A19103F-16F7-4668-BE54-9A1E7A4F7556}") = "ShardingHosting", "Documentation\guides\basic-concepts\ShardingHosting\ShardingHosting.csproj", "{D2D21E34-7F3D-4BAE-8CE7-0692C0E79094}"
EndProject
Project("{9A19103F-16F7-4668-BE54-9A1E7A4F7556}") = "HttpInteractions", "Documentation\guides\basic-concepts\HttpInteractions\HttpInteractions.csproj", "{311AF3BA-6AE3-4BBA-A4B1-8CD0901FFA9C}"
EndProject
Project("{9A19103F-16F7-4668-BE54-9A1E7A4F7556}") = "RestClientMethodAliasesGenerator", "SourceGenerators\RestClientMethodAliasesGenerator\RestClientMethodAliasesGenerator.csproj", "{941F7A6C-313B-481E-9EBC-2B82972F8649}"
EndProject
Project("{9A19103F-16F7-4668-BE54-9A1E7A4F7556}") = "LocalizationsHosting", "Documentation\guides\services\application-commands\LocalizationsHosting\LocalizationsHosting.csproj", "{9E6C8288-7762-4F98-85B1-A3ED29EE0DFF}"
EndProject
Project("{9A19103F-16F7-4668-BE54-9A1E7A4F7556}") = "VoiceEncryptionTest", "Tests\VoiceEncryptionTest\VoiceEncryptionTest.csproj", "{98A70693-9EC7-4965-BC8F-A5646723DAA2}"
EndProject
Project("{FAE04EC0-301F-11D3-BF4B-00C04F79EFBC}") = "Parameters", "Documentation\guides\services\component-interactions\Parameters\Parameters.csproj", "{C99E04D0-96EE-4671-980E-5183D2D6A72A}"
EndProject
Project("{2150E333-8FDC-42A3-9474-1A3956D46DE8}") = "basic-concepts", "basic-concepts", "{EA1542CE-C8E4-4995-A2D1-D69A4AAF17D9}"
EndProject
Project("{FAE04EC0-301F-11D3-BF4B-00C04F79EFBC}") = "RespondingToInteractions", "Documentation\guides\basic-concepts\RespondingToInteractions\RespondingToInteractions.csproj", "{0FAF1324-E5B2-4B4B-8B6F-7CE5AA175633}"
EndProject
Project("{FAE04EC0-301F-11D3-BF4B-00C04F79EFBC}") = "SendingMessages", "Documentation\guides\basic-concepts\SendingMessages\SendingMessages.csproj", "{428D3B67-D0A7-4957-AB69-FE2CB5F99FBC}"
EndProject
Global
	GlobalSection(SolutionConfigurationPlatforms) = preSolution
		Debug|Any CPU = Debug|Any CPU
		Release|Any CPU = Release|Any CPU
	EndGlobalSection
	GlobalSection(ProjectConfigurationPlatforms) = postSolution
		{802F5245-48E0-4554-ABA7-F4E8DAD47E52}.Debug|Any CPU.ActiveCfg = Debug|Any CPU
		{802F5245-48E0-4554-ABA7-F4E8DAD47E52}.Debug|Any CPU.Build.0 = Debug|Any CPU
		{802F5245-48E0-4554-ABA7-F4E8DAD47E52}.Release|Any CPU.ActiveCfg = Release|Any CPU
		{802F5245-48E0-4554-ABA7-F4E8DAD47E52}.Release|Any CPU.Build.0 = Release|Any CPU
		{6E0A8D63-E00E-4744-BB4D-8B71B228C9CA}.Debug|Any CPU.ActiveCfg = Debug|Any CPU
		{6E0A8D63-E00E-4744-BB4D-8B71B228C9CA}.Debug|Any CPU.Build.0 = Debug|Any CPU
		{6E0A8D63-E00E-4744-BB4D-8B71B228C9CA}.Release|Any CPU.ActiveCfg = Release|Any CPU
		{6E0A8D63-E00E-4744-BB4D-8B71B228C9CA}.Release|Any CPU.Build.0 = Release|Any CPU
		{495D537B-2E05-44F0-9993-2600311A15B0}.Debug|Any CPU.ActiveCfg = Debug|Any CPU
		{495D537B-2E05-44F0-9993-2600311A15B0}.Debug|Any CPU.Build.0 = Debug|Any CPU
		{495D537B-2E05-44F0-9993-2600311A15B0}.Release|Any CPU.ActiveCfg = Release|Any CPU
		{495D537B-2E05-44F0-9993-2600311A15B0}.Release|Any CPU.Build.0 = Release|Any CPU
		{621D2994-DCBF-4A8D-91FB-9B264C462FE7}.Debug|Any CPU.ActiveCfg = Debug|Any CPU
		{621D2994-DCBF-4A8D-91FB-9B264C462FE7}.Debug|Any CPU.Build.0 = Debug|Any CPU
		{621D2994-DCBF-4A8D-91FB-9B264C462FE7}.Release|Any CPU.ActiveCfg = Release|Any CPU
		{621D2994-DCBF-4A8D-91FB-9B264C462FE7}.Release|Any CPU.Build.0 = Release|Any CPU
		{567AEDB7-EFC5-4555-AB85-E1FBAB7A0F21}.Debug|Any CPU.ActiveCfg = Debug|Any CPU
		{567AEDB7-EFC5-4555-AB85-E1FBAB7A0F21}.Debug|Any CPU.Build.0 = Debug|Any CPU
		{567AEDB7-EFC5-4555-AB85-E1FBAB7A0F21}.Release|Any CPU.ActiveCfg = Release|Any CPU
		{567AEDB7-EFC5-4555-AB85-E1FBAB7A0F21}.Release|Any CPU.Build.0 = Release|Any CPU
		{B6698DB7-5FCF-47C9-BAE0-5206D7E9D9AF}.Debug|Any CPU.ActiveCfg = Debug|Any CPU
		{B6698DB7-5FCF-47C9-BAE0-5206D7E9D9AF}.Debug|Any CPU.Build.0 = Debug|Any CPU
		{B6698DB7-5FCF-47C9-BAE0-5206D7E9D9AF}.Release|Any CPU.ActiveCfg = Release|Any CPU
		{B6698DB7-5FCF-47C9-BAE0-5206D7E9D9AF}.Release|Any CPU.Build.0 = Release|Any CPU
		{7471B70A-AF62-4E74-8B6D-4FEE93E873F8}.Debug|Any CPU.ActiveCfg = Debug|Any CPU
		{7471B70A-AF62-4E74-8B6D-4FEE93E873F8}.Debug|Any CPU.Build.0 = Debug|Any CPU
		{7471B70A-AF62-4E74-8B6D-4FEE93E873F8}.Release|Any CPU.ActiveCfg = Release|Any CPU
		{7471B70A-AF62-4E74-8B6D-4FEE93E873F8}.Release|Any CPU.Build.0 = Release|Any CPU
		{B4AB1DD3-2016-4099-AD41-3248627069CE}.Debug|Any CPU.ActiveCfg = Debug|Any CPU
		{B4AB1DD3-2016-4099-AD41-3248627069CE}.Debug|Any CPU.Build.0 = Debug|Any CPU
		{B4AB1DD3-2016-4099-AD41-3248627069CE}.Release|Any CPU.ActiveCfg = Release|Any CPU
		{B4AB1DD3-2016-4099-AD41-3248627069CE}.Release|Any CPU.Build.0 = Release|Any CPU
		{5CE4882E-DE7A-49E3-AA94-A12F0443C8B0}.Debug|Any CPU.ActiveCfg = Debug|Any CPU
		{5CE4882E-DE7A-49E3-AA94-A12F0443C8B0}.Debug|Any CPU.Build.0 = Debug|Any CPU
		{5CE4882E-DE7A-49E3-AA94-A12F0443C8B0}.Release|Any CPU.ActiveCfg = Release|Any CPU
		{5CE4882E-DE7A-49E3-AA94-A12F0443C8B0}.Release|Any CPU.Build.0 = Release|Any CPU
		{0B949510-7B18-4CC4-8CC8-5E1B115777F8}.Debug|Any CPU.ActiveCfg = Debug|Any CPU
		{0B949510-7B18-4CC4-8CC8-5E1B115777F8}.Debug|Any CPU.Build.0 = Debug|Any CPU
		{0B949510-7B18-4CC4-8CC8-5E1B115777F8}.Release|Any CPU.ActiveCfg = Release|Any CPU
		{0B949510-7B18-4CC4-8CC8-5E1B115777F8}.Release|Any CPU.Build.0 = Release|Any CPU
		{CF4C66FE-BD94-483C-BDD0-357C17119F87}.Debug|Any CPU.ActiveCfg = Debug|Any CPU
		{CF4C66FE-BD94-483C-BDD0-357C17119F87}.Debug|Any CPU.Build.0 = Debug|Any CPU
		{CF4C66FE-BD94-483C-BDD0-357C17119F87}.Release|Any CPU.ActiveCfg = Release|Any CPU
		{CF4C66FE-BD94-483C-BDD0-357C17119F87}.Release|Any CPU.Build.0 = Release|Any CPU
		{F78C310B-4461-4CC3-94F8-86704FAE787A}.Debug|Any CPU.ActiveCfg = Debug|Any CPU
		{F78C310B-4461-4CC3-94F8-86704FAE787A}.Debug|Any CPU.Build.0 = Debug|Any CPU
		{F78C310B-4461-4CC3-94F8-86704FAE787A}.Release|Any CPU.ActiveCfg = Release|Any CPU
		{F78C310B-4461-4CC3-94F8-86704FAE787A}.Release|Any CPU.Build.0 = Release|Any CPU
		{07CD40C3-245E-4303-8BC2-95F7D5AE68DE}.Debug|Any CPU.ActiveCfg = Debug|Any CPU
		{07CD40C3-245E-4303-8BC2-95F7D5AE68DE}.Debug|Any CPU.Build.0 = Debug|Any CPU
		{07CD40C3-245E-4303-8BC2-95F7D5AE68DE}.Release|Any CPU.ActiveCfg = Release|Any CPU
		{07CD40C3-245E-4303-8BC2-95F7D5AE68DE}.Release|Any CPU.Build.0 = Release|Any CPU
		{4FE771E4-C040-42CA-A4BC-8CDC15533309}.Debug|Any CPU.ActiveCfg = Debug|Any CPU
		{4FE771E4-C040-42CA-A4BC-8CDC15533309}.Debug|Any CPU.Build.0 = Debug|Any CPU
		{4FE771E4-C040-42CA-A4BC-8CDC15533309}.Release|Any CPU.ActiveCfg = Release|Any CPU
		{4FE771E4-C040-42CA-A4BC-8CDC15533309}.Release|Any CPU.Build.0 = Release|Any CPU
		{DD2BD705-EA8B-4782-B513-83ABD8308F67}.Debug|Any CPU.ActiveCfg = Debug|Any CPU
		{DD2BD705-EA8B-4782-B513-83ABD8308F67}.Debug|Any CPU.Build.0 = Debug|Any CPU
		{DD2BD705-EA8B-4782-B513-83ABD8308F67}.Release|Any CPU.ActiveCfg = Release|Any CPU
		{DD2BD705-EA8B-4782-B513-83ABD8308F67}.Release|Any CPU.Build.0 = Release|Any CPU
		{D9DC3CF2-86EF-4098-B635-06D4FA4C2154}.Debug|Any CPU.ActiveCfg = Debug|Any CPU
		{D9DC3CF2-86EF-4098-B635-06D4FA4C2154}.Debug|Any CPU.Build.0 = Debug|Any CPU
		{D9DC3CF2-86EF-4098-B635-06D4FA4C2154}.Release|Any CPU.ActiveCfg = Release|Any CPU
		{D9DC3CF2-86EF-4098-B635-06D4FA4C2154}.Release|Any CPU.Build.0 = Release|Any CPU
		{B1E5260D-9EE1-46C1-A4D7-344D1BFF274E}.Debug|Any CPU.ActiveCfg = Debug|Any CPU
		{B1E5260D-9EE1-46C1-A4D7-344D1BFF274E}.Debug|Any CPU.Build.0 = Debug|Any CPU
		{B1E5260D-9EE1-46C1-A4D7-344D1BFF274E}.Release|Any CPU.ActiveCfg = Release|Any CPU
		{B1E5260D-9EE1-46C1-A4D7-344D1BFF274E}.Release|Any CPU.Build.0 = Release|Any CPU
		{23DEB462-E841-4006-A99A-8592B9EA9470}.Debug|Any CPU.ActiveCfg = Debug|Any CPU
		{23DEB462-E841-4006-A99A-8592B9EA9470}.Debug|Any CPU.Build.0 = Debug|Any CPU
		{23DEB462-E841-4006-A99A-8592B9EA9470}.Release|Any CPU.ActiveCfg = Release|Any CPU
		{23DEB462-E841-4006-A99A-8592B9EA9470}.Release|Any CPU.Build.0 = Release|Any CPU
		{DB557D48-F1E6-4D9D-97CB-7C4EFFBA55A8}.Debug|Any CPU.ActiveCfg = Debug|Any CPU
		{DB557D48-F1E6-4D9D-97CB-7C4EFFBA55A8}.Debug|Any CPU.Build.0 = Debug|Any CPU
		{DB557D48-F1E6-4D9D-97CB-7C4EFFBA55A8}.Release|Any CPU.ActiveCfg = Release|Any CPU
		{DB557D48-F1E6-4D9D-97CB-7C4EFFBA55A8}.Release|Any CPU.Build.0 = Release|Any CPU
		{C6285F5E-DF87-4A5E-80EC-E479747AEEB4}.Debug|Any CPU.ActiveCfg = Debug|Any CPU
		{C6285F5E-DF87-4A5E-80EC-E479747AEEB4}.Debug|Any CPU.Build.0 = Debug|Any CPU
		{C6285F5E-DF87-4A5E-80EC-E479747AEEB4}.Release|Any CPU.ActiveCfg = Release|Any CPU
		{C6285F5E-DF87-4A5E-80EC-E479747AEEB4}.Release|Any CPU.Build.0 = Release|Any CPU
		{AB104A05-7EF3-4D3A-9B43-EFB885D2FD18}.Debug|Any CPU.ActiveCfg = Debug|Any CPU
		{AB104A05-7EF3-4D3A-9B43-EFB885D2FD18}.Debug|Any CPU.Build.0 = Debug|Any CPU
		{AB104A05-7EF3-4D3A-9B43-EFB885D2FD18}.Release|Any CPU.ActiveCfg = Release|Any CPU
		{AB104A05-7EF3-4D3A-9B43-EFB885D2FD18}.Release|Any CPU.Build.0 = Release|Any CPU
		{9DDF97DA-216A-47B5-B74A-BAA9E4AECF3C}.Debug|Any CPU.ActiveCfg = Debug|Any CPU
		{9DDF97DA-216A-47B5-B74A-BAA9E4AECF3C}.Debug|Any CPU.Build.0 = Debug|Any CPU
		{9DDF97DA-216A-47B5-B74A-BAA9E4AECF3C}.Release|Any CPU.ActiveCfg = Release|Any CPU
		{9DDF97DA-216A-47B5-B74A-BAA9E4AECF3C}.Release|Any CPU.Build.0 = Release|Any CPU
		{CF814641-C5B2-4FE1-B9AA-D496F90B14F6}.Debug|Any CPU.ActiveCfg = Debug|Any CPU
		{CF814641-C5B2-4FE1-B9AA-D496F90B14F6}.Debug|Any CPU.Build.0 = Debug|Any CPU
		{CF814641-C5B2-4FE1-B9AA-D496F90B14F6}.Release|Any CPU.ActiveCfg = Release|Any CPU
		{CF814641-C5B2-4FE1-B9AA-D496F90B14F6}.Release|Any CPU.Build.0 = Release|Any CPU
		{91D34DA8-B753-4174-8F16-702E322BDCD8}.Debug|Any CPU.ActiveCfg = Debug|Any CPU
		{91D34DA8-B753-4174-8F16-702E322BDCD8}.Debug|Any CPU.Build.0 = Debug|Any CPU
		{91D34DA8-B753-4174-8F16-702E322BDCD8}.Release|Any CPU.ActiveCfg = Release|Any CPU
		{91D34DA8-B753-4174-8F16-702E322BDCD8}.Release|Any CPU.Build.0 = Release|Any CPU
		{1098C5F6-B9F1-4206-805C-5AC78315E946}.Debug|Any CPU.ActiveCfg = Debug|Any CPU
		{1098C5F6-B9F1-4206-805C-5AC78315E946}.Debug|Any CPU.Build.0 = Debug|Any CPU
		{1098C5F6-B9F1-4206-805C-5AC78315E946}.Release|Any CPU.ActiveCfg = Release|Any CPU
		{1098C5F6-B9F1-4206-805C-5AC78315E946}.Release|Any CPU.Build.0 = Release|Any CPU
		{7FF73C26-720D-47FC-858C-74A5B545FE73}.Debug|Any CPU.ActiveCfg = Debug|Any CPU
		{7FF73C26-720D-47FC-858C-74A5B545FE73}.Debug|Any CPU.Build.0 = Debug|Any CPU
		{7FF73C26-720D-47FC-858C-74A5B545FE73}.Release|Any CPU.ActiveCfg = Release|Any CPU
		{7FF73C26-720D-47FC-858C-74A5B545FE73}.Release|Any CPU.Build.0 = Release|Any CPU
		{9FD4FB24-2910-42B2-A89B-3E823145467E}.Debug|Any CPU.ActiveCfg = Debug|Any CPU
		{9FD4FB24-2910-42B2-A89B-3E823145467E}.Debug|Any CPU.Build.0 = Debug|Any CPU
		{9FD4FB24-2910-42B2-A89B-3E823145467E}.Release|Any CPU.ActiveCfg = Release|Any CPU
		{9FD4FB24-2910-42B2-A89B-3E823145467E}.Release|Any CPU.Build.0 = Release|Any CPU
		{E844293D-91EB-4E6E-9E57-8B9C109C6640}.Debug|Any CPU.ActiveCfg = Debug|Any CPU
		{E844293D-91EB-4E6E-9E57-8B9C109C6640}.Debug|Any CPU.Build.0 = Debug|Any CPU
		{E844293D-91EB-4E6E-9E57-8B9C109C6640}.Release|Any CPU.ActiveCfg = Release|Any CPU
		{E844293D-91EB-4E6E-9E57-8B9C109C6640}.Release|Any CPU.Build.0 = Release|Any CPU
		{624246E3-4194-4952-BDDD-52254E94D5D6}.Debug|Any CPU.ActiveCfg = Debug|Any CPU
		{624246E3-4194-4952-BDDD-52254E94D5D6}.Debug|Any CPU.Build.0 = Debug|Any CPU
		{624246E3-4194-4952-BDDD-52254E94D5D6}.Release|Any CPU.ActiveCfg = Release|Any CPU
		{624246E3-4194-4952-BDDD-52254E94D5D6}.Release|Any CPU.Build.0 = Release|Any CPU
		{8E1206F6-99D6-44A4-84FE-D8A6FE021A09}.Debug|Any CPU.ActiveCfg = Debug|Any CPU
		{8E1206F6-99D6-44A4-84FE-D8A6FE021A09}.Debug|Any CPU.Build.0 = Debug|Any CPU
		{8E1206F6-99D6-44A4-84FE-D8A6FE021A09}.Release|Any CPU.ActiveCfg = Release|Any CPU
		{8E1206F6-99D6-44A4-84FE-D8A6FE021A09}.Release|Any CPU.Build.0 = Release|Any CPU
		{CA86C6D8-8A5C-44D3-98E7-3278AF51404A}.Debug|Any CPU.ActiveCfg = Debug|Any CPU
		{CA86C6D8-8A5C-44D3-98E7-3278AF51404A}.Debug|Any CPU.Build.0 = Debug|Any CPU
		{CA86C6D8-8A5C-44D3-98E7-3278AF51404A}.Release|Any CPU.ActiveCfg = Release|Any CPU
		{CA86C6D8-8A5C-44D3-98E7-3278AF51404A}.Release|Any CPU.Build.0 = Release|Any CPU
		{C51F865B-3002-4438-ABF5-56B4DB42BBA5}.Debug|Any CPU.ActiveCfg = Debug|Any CPU
		{C51F865B-3002-4438-ABF5-56B4DB42BBA5}.Debug|Any CPU.Build.0 = Debug|Any CPU
		{C51F865B-3002-4438-ABF5-56B4DB42BBA5}.Release|Any CPU.ActiveCfg = Release|Any CPU
		{C51F865B-3002-4438-ABF5-56B4DB42BBA5}.Release|Any CPU.Build.0 = Release|Any CPU
		{DA6CA7EB-016A-415A-8909-6A2B2588B71A}.Debug|Any CPU.ActiveCfg = Debug|Any CPU
		{DA6CA7EB-016A-415A-8909-6A2B2588B71A}.Debug|Any CPU.Build.0 = Debug|Any CPU
		{DA6CA7EB-016A-415A-8909-6A2B2588B71A}.Release|Any CPU.ActiveCfg = Release|Any CPU
		{DA6CA7EB-016A-415A-8909-6A2B2588B71A}.Release|Any CPU.Build.0 = Release|Any CPU
		{5985051C-DE41-4FF5-939B-32C8D10EDBC3}.Debug|Any CPU.ActiveCfg = Debug|Any CPU
		{5985051C-DE41-4FF5-939B-32C8D10EDBC3}.Debug|Any CPU.Build.0 = Debug|Any CPU
		{5985051C-DE41-4FF5-939B-32C8D10EDBC3}.Release|Any CPU.ActiveCfg = Release|Any CPU
		{5985051C-DE41-4FF5-939B-32C8D10EDBC3}.Release|Any CPU.Build.0 = Release|Any CPU
		{997B8089-CE3C-4DD7-87F9-2E4A2BA364D6}.Debug|Any CPU.ActiveCfg = Debug|Any CPU
		{997B8089-CE3C-4DD7-87F9-2E4A2BA364D6}.Debug|Any CPU.Build.0 = Debug|Any CPU
		{997B8089-CE3C-4DD7-87F9-2E4A2BA364D6}.Release|Any CPU.ActiveCfg = Release|Any CPU
		{997B8089-CE3C-4DD7-87F9-2E4A2BA364D6}.Release|Any CPU.Build.0 = Release|Any CPU
		{DF641C80-A429-42CB-BFAD-6BC8566394AD}.Debug|Any CPU.ActiveCfg = Debug|Any CPU
		{DF641C80-A429-42CB-BFAD-6BC8566394AD}.Debug|Any CPU.Build.0 = Debug|Any CPU
		{DF641C80-A429-42CB-BFAD-6BC8566394AD}.Release|Any CPU.ActiveCfg = Release|Any CPU
		{DF641C80-A429-42CB-BFAD-6BC8566394AD}.Release|Any CPU.Build.0 = Release|Any CPU
		{D6220C0A-4D1C-4A3F-B95C-FE716762FE35}.Debug|Any CPU.ActiveCfg = Debug|Any CPU
		{D6220C0A-4D1C-4A3F-B95C-FE716762FE35}.Debug|Any CPU.Build.0 = Debug|Any CPU
		{D6220C0A-4D1C-4A3F-B95C-FE716762FE35}.Release|Any CPU.ActiveCfg = Release|Any CPU
		{D6220C0A-4D1C-4A3F-B95C-FE716762FE35}.Release|Any CPU.Build.0 = Release|Any CPU
		{92EC59FE-81F5-419C-83EC-9CF4426E541E}.Debug|Any CPU.ActiveCfg = Debug|Any CPU
		{92EC59FE-81F5-419C-83EC-9CF4426E541E}.Debug|Any CPU.Build.0 = Debug|Any CPU
		{92EC59FE-81F5-419C-83EC-9CF4426E541E}.Release|Any CPU.ActiveCfg = Release|Any CPU
		{92EC59FE-81F5-419C-83EC-9CF4426E541E}.Release|Any CPU.Build.0 = Release|Any CPU
		{75A28BBF-DBF8-4519-ABE1-0092FFF4A1EB}.Debug|Any CPU.ActiveCfg = Debug|Any CPU
		{75A28BBF-DBF8-4519-ABE1-0092FFF4A1EB}.Debug|Any CPU.Build.0 = Debug|Any CPU
		{75A28BBF-DBF8-4519-ABE1-0092FFF4A1EB}.Release|Any CPU.ActiveCfg = Release|Any CPU
		{75A28BBF-DBF8-4519-ABE1-0092FFF4A1EB}.Release|Any CPU.Build.0 = Release|Any CPU
		{06CFC831-0C74-41A3-A5BA-D018ADB52F33}.Debug|Any CPU.ActiveCfg = Debug|Any CPU
		{06CFC831-0C74-41A3-A5BA-D018ADB52F33}.Debug|Any CPU.Build.0 = Debug|Any CPU
		{06CFC831-0C74-41A3-A5BA-D018ADB52F33}.Release|Any CPU.ActiveCfg = Release|Any CPU
		{06CFC831-0C74-41A3-A5BA-D018ADB52F33}.Release|Any CPU.Build.0 = Release|Any CPU
		{962CC3D5-3735-4446-8D60-82FDD5B7C169}.Debug|Any CPU.ActiveCfg = Debug|Any CPU
		{962CC3D5-3735-4446-8D60-82FDD5B7C169}.Debug|Any CPU.Build.0 = Debug|Any CPU
		{962CC3D5-3735-4446-8D60-82FDD5B7C169}.Release|Any CPU.ActiveCfg = Release|Any CPU
		{962CC3D5-3735-4446-8D60-82FDD5B7C169}.Release|Any CPU.Build.0 = Release|Any CPU
		{8C7E6E04-0DA4-4F1F-88D1-4F4F74460BDD}.Debug|Any CPU.ActiveCfg = Debug|Any CPU
		{8C7E6E04-0DA4-4F1F-88D1-4F4F74460BDD}.Debug|Any CPU.Build.0 = Debug|Any CPU
		{8C7E6E04-0DA4-4F1F-88D1-4F4F74460BDD}.Release|Any CPU.ActiveCfg = Release|Any CPU
		{8C7E6E04-0DA4-4F1F-88D1-4F4F74460BDD}.Release|Any CPU.Build.0 = Release|Any CPU
		{9504529C-47DF-4F5C-AF2B-B3CFF3D051F2}.Debug|Any CPU.ActiveCfg = Debug|Any CPU
		{9504529C-47DF-4F5C-AF2B-B3CFF3D051F2}.Debug|Any CPU.Build.0 = Debug|Any CPU
		{9504529C-47DF-4F5C-AF2B-B3CFF3D051F2}.Release|Any CPU.ActiveCfg = Release|Any CPU
		{9504529C-47DF-4F5C-AF2B-B3CFF3D051F2}.Release|Any CPU.Build.0 = Release|Any CPU
		{8EFD716E-8715-422D-BBC3-8FCA2ED9164A}.Debug|Any CPU.ActiveCfg = Debug|Any CPU
		{8EFD716E-8715-422D-BBC3-8FCA2ED9164A}.Debug|Any CPU.Build.0 = Debug|Any CPU
		{8EFD716E-8715-422D-BBC3-8FCA2ED9164A}.Release|Any CPU.ActiveCfg = Release|Any CPU
		{8EFD716E-8715-422D-BBC3-8FCA2ED9164A}.Release|Any CPU.Build.0 = Release|Any CPU
		{D2D21E34-7F3D-4BAE-8CE7-0692C0E79094}.Debug|Any CPU.ActiveCfg = Debug|Any CPU
		{D2D21E34-7F3D-4BAE-8CE7-0692C0E79094}.Debug|Any CPU.Build.0 = Debug|Any CPU
		{D2D21E34-7F3D-4BAE-8CE7-0692C0E79094}.Release|Any CPU.ActiveCfg = Release|Any CPU
		{D2D21E34-7F3D-4BAE-8CE7-0692C0E79094}.Release|Any CPU.Build.0 = Release|Any CPU
		{311AF3BA-6AE3-4BBA-A4B1-8CD0901FFA9C}.Debug|Any CPU.ActiveCfg = Debug|Any CPU
		{311AF3BA-6AE3-4BBA-A4B1-8CD0901FFA9C}.Debug|Any CPU.Build.0 = Debug|Any CPU
		{311AF3BA-6AE3-4BBA-A4B1-8CD0901FFA9C}.Release|Any CPU.ActiveCfg = Release|Any CPU
		{311AF3BA-6AE3-4BBA-A4B1-8CD0901FFA9C}.Release|Any CPU.Build.0 = Release|Any CPU
		{941F7A6C-313B-481E-9EBC-2B82972F8649}.Debug|Any CPU.ActiveCfg = Debug|Any CPU
		{941F7A6C-313B-481E-9EBC-2B82972F8649}.Debug|Any CPU.Build.0 = Debug|Any CPU
		{941F7A6C-313B-481E-9EBC-2B82972F8649}.Release|Any CPU.ActiveCfg = Release|Any CPU
		{941F7A6C-313B-481E-9EBC-2B82972F8649}.Release|Any CPU.Build.0 = Release|Any CPU
		{9E6C8288-7762-4F98-85B1-A3ED29EE0DFF}.Debug|Any CPU.ActiveCfg = Debug|Any CPU
		{9E6C8288-7762-4F98-85B1-A3ED29EE0DFF}.Debug|Any CPU.Build.0 = Debug|Any CPU
		{9E6C8288-7762-4F98-85B1-A3ED29EE0DFF}.Release|Any CPU.ActiveCfg = Release|Any CPU
		{9E6C8288-7762-4F98-85B1-A3ED29EE0DFF}.Release|Any CPU.Build.0 = Release|Any CPU
		{98A70693-9EC7-4965-BC8F-A5646723DAA2}.Debug|Any CPU.ActiveCfg = Debug|Any CPU
		{98A70693-9EC7-4965-BC8F-A5646723DAA2}.Debug|Any CPU.Build.0 = Debug|Any CPU
		{98A70693-9EC7-4965-BC8F-A5646723DAA2}.Release|Any CPU.ActiveCfg = Release|Any CPU
		{98A70693-9EC7-4965-BC8F-A5646723DAA2}.Release|Any CPU.Build.0 = Release|Any CPU
		{C99E04D0-96EE-4671-980E-5183D2D6A72A}.Debug|Any CPU.ActiveCfg = Debug|Any CPU
		{C99E04D0-96EE-4671-980E-5183D2D6A72A}.Debug|Any CPU.Build.0 = Debug|Any CPU
		{C99E04D0-96EE-4671-980E-5183D2D6A72A}.Release|Any CPU.ActiveCfg = Release|Any CPU
		{C99E04D0-96EE-4671-980E-5183D2D6A72A}.Release|Any CPU.Build.0 = Release|Any CPU
		{0FAF1324-E5B2-4B4B-8B6F-7CE5AA175633}.Debug|Any CPU.ActiveCfg = Debug|Any CPU
		{0FAF1324-E5B2-4B4B-8B6F-7CE5AA175633}.Debug|Any CPU.Build.0 = Debug|Any CPU
		{0FAF1324-E5B2-4B4B-8B6F-7CE5AA175633}.Release|Any CPU.ActiveCfg = Release|Any CPU
		{0FAF1324-E5B2-4B4B-8B6F-7CE5AA175633}.Release|Any CPU.Build.0 = Release|Any CPU
		{428D3B67-D0A7-4957-AB69-FE2CB5F99FBC}.Debug|Any CPU.ActiveCfg = Debug|Any CPU
		{428D3B67-D0A7-4957-AB69-FE2CB5F99FBC}.Debug|Any CPU.Build.0 = Debug|Any CPU
		{428D3B67-D0A7-4957-AB69-FE2CB5F99FBC}.Release|Any CPU.ActiveCfg = Release|Any CPU
		{428D3B67-D0A7-4957-AB69-FE2CB5F99FBC}.Release|Any CPU.Build.0 = Release|Any CPU
	EndGlobalSection
	GlobalSection(SolutionProperties) = preSolution
		HideSolutionNode = FALSE
	EndGlobalSection
	GlobalSection(NestedProjects) = preSolution
		{6E0A8D63-E00E-4744-BB4D-8B71B228C9CA} = {5E156987-5CC6-4873-B774-F41CBD7D3F3D}
		{621D2994-DCBF-4A8D-91FB-9B264C462FE7} = {5E156987-5CC6-4873-B774-F41CBD7D3F3D}
		{567AEDB7-EFC5-4555-AB85-E1FBAB7A0F21} = {5E156987-5CC6-4873-B774-F41CBD7D3F3D}
		{B6698DB7-5FCF-47C9-BAE0-5206D7E9D9AF} = {5E156987-5CC6-4873-B774-F41CBD7D3F3D}
		{7471B70A-AF62-4E74-8B6D-4FEE93E873F8} = {5E156987-5CC6-4873-B774-F41CBD7D3F3D}
		{B4AB1DD3-2016-4099-AD41-3248627069CE} = {5E156987-5CC6-4873-B774-F41CBD7D3F3D}
		{5CE4882E-DE7A-49E3-AA94-A12F0443C8B0} = {5E156987-5CC6-4873-B774-F41CBD7D3F3D}
		{0B949510-7B18-4CC4-8CC8-5E1B115777F8} = {0A9D75D2-B760-43E3-8A18-1BF2F629D0FB}
		{FDFF38F4-A459-4809-BA63-01A2BEC131ED} = {956FC770-6623-43F6-B74B-000B7587A287}
		{64478C1F-B2ED-4A98-8C15-1EC3B9F57519} = {FDFF38F4-A459-4809-BA63-01A2BEC131ED}
		{CF4C66FE-BD94-483C-BDD0-357C17119F87} = {64478C1F-B2ED-4A98-8C15-1EC3B9F57519}
		{3678BAB0-28A1-4F41-86F7-AD1CC167AFD2} = {FDFF38F4-A459-4809-BA63-01A2BEC131ED}
		{F78C310B-4461-4CC3-94F8-86704FAE787A} = {3678BAB0-28A1-4F41-86F7-AD1CC167AFD2}
		{07CD40C3-245E-4303-8BC2-95F7D5AE68DE} = {3678BAB0-28A1-4F41-86F7-AD1CC167AFD2}
		{4FE771E4-C040-42CA-A4BC-8CDC15533309} = {EA1542CE-C8E4-4995-A2D1-D69A4AAF17D9}
		{F69A383B-F073-4962-8EBC-29BB63F351CE} = {FDFF38F4-A459-4809-BA63-01A2BEC131ED}
		{4EC1FB11-D5A6-48ED-B46A-0C5769E2F962} = {F69A383B-F073-4962-8EBC-29BB63F351CE}
		{DD2BD705-EA8B-4782-B513-83ABD8308F67} = {4EC1FB11-D5A6-48ED-B46A-0C5769E2F962}
		{D9DC3CF2-86EF-4098-B635-06D4FA4C2154} = {4EC1FB11-D5A6-48ED-B46A-0C5769E2F962}
		{46E6F97B-83C3-4B66-8B0F-226D02DEC5A0} = {F69A383B-F073-4962-8EBC-29BB63F351CE}
		{B1E5260D-9EE1-46C1-A4D7-344D1BFF274E} = {46E6F97B-83C3-4B66-8B0F-226D02DEC5A0}
		{23DEB462-E841-4006-A99A-8592B9EA9470} = {46E6F97B-83C3-4B66-8B0F-226D02DEC5A0}
		{DB557D48-F1E6-4D9D-97CB-7C4EFFBA55A8} = {46E6F97B-83C3-4B66-8B0F-226D02DEC5A0}
		{C6285F5E-DF87-4A5E-80EC-E479747AEEB4} = {46E6F97B-83C3-4B66-8B0F-226D02DEC5A0}
		{5631D9FD-493B-40C6-85CC-D8742DF012CB} = {F69A383B-F073-4962-8EBC-29BB63F351CE}
		{AB104A05-7EF3-4D3A-9B43-EFB885D2FD18} = {F69A383B-F073-4962-8EBC-29BB63F351CE}
		{2371291A-1021-4A8C-928A-B0878DCD21B9} = {F69A383B-F073-4962-8EBC-29BB63F351CE}
		{9DDF97DA-216A-47B5-B74A-BAA9E4AECF3C} = {2371291A-1021-4A8C-928A-B0878DCD21B9}
		{CF814641-C5B2-4FE1-B9AA-D496F90B14F6} = {2371291A-1021-4A8C-928A-B0878DCD21B9}
		{9D513F65-7725-466C-B62E-0E988BF2CCDE} = {F69A383B-F073-4962-8EBC-29BB63F351CE}
		{91D34DA8-B753-4174-8F16-702E322BDCD8} = {9D513F65-7725-466C-B62E-0E988BF2CCDE}
		{1098C5F6-B9F1-4206-805C-5AC78315E946} = {9D513F65-7725-466C-B62E-0E988BF2CCDE}
		{7FF73C26-720D-47FC-858C-74A5B545FE73} = {EA1542CE-C8E4-4995-A2D1-D69A4AAF17D9}
		{9FD4FB24-2910-42B2-A89B-3E823145467E} = {46E6F97B-83C3-4B66-8B0F-226D02DEC5A0}
		{E844293D-91EB-4E6E-9E57-8B9C109C6640} = {0A9D75D2-B760-43E3-8A18-1BF2F629D0FB}
		{624246E3-4194-4952-BDDD-52254E94D5D6} = {0A9D75D2-B760-43E3-8A18-1BF2F629D0FB}
		{8E1206F6-99D6-44A4-84FE-D8A6FE021A09} = {5E156987-5CC6-4873-B774-F41CBD7D3F3D}
		{CA86C6D8-8A5C-44D3-98E7-3278AF51404A} = {737B0970-FA77-4942-A24D-A6EF12D37C88}
		{C51F865B-3002-4438-ABF5-56B4DB42BBA5} = {737B0970-FA77-4942-A24D-A6EF12D37C88}
		{DA6CA7EB-016A-415A-8909-6A2B2588B71A} = {5E156987-5CC6-4873-B774-F41CBD7D3F3D}
		{5985051C-DE41-4FF5-939B-32C8D10EDBC3} = {737B0970-FA77-4942-A24D-A6EF12D37C88}
		{997B8089-CE3C-4DD7-87F9-2E4A2BA364D6} = {5E156987-5CC6-4873-B774-F41CBD7D3F3D}
		{DF641C80-A429-42CB-BFAD-6BC8566394AD} = {64478C1F-B2ED-4A98-8C15-1EC3B9F57519}
		{D6220C0A-4D1C-4A3F-B95C-FE716762FE35} = {3678BAB0-28A1-4F41-86F7-AD1CC167AFD2}
		{92EC59FE-81F5-419C-83EC-9CF4426E541E} = {3678BAB0-28A1-4F41-86F7-AD1CC167AFD2}
		{75A28BBF-DBF8-4519-ABE1-0092FFF4A1EB} = {46E6F97B-83C3-4B66-8B0F-226D02DEC5A0}
		{06CFC831-0C74-41A3-A5BA-D018ADB52F33} = {46E6F97B-83C3-4B66-8B0F-226D02DEC5A0}
		{962CC3D5-3735-4446-8D60-82FDD5B7C169} = {5631D9FD-493B-40C6-85CC-D8742DF012CB}
		{8C7E6E04-0DA4-4F1F-88D1-4F4F74460BDD} = {5631D9FD-493B-40C6-85CC-D8742DF012CB}
		{9504529C-47DF-4F5C-AF2B-B3CFF3D051F2} = {4EC1FB11-D5A6-48ED-B46A-0C5769E2F962}
		{8EFD716E-8715-422D-BBC3-8FCA2ED9164A} = {4EC1FB11-D5A6-48ED-B46A-0C5769E2F962}
		{D2D21E34-7F3D-4BAE-8CE7-0692C0E79094} = {EA1542CE-C8E4-4995-A2D1-D69A4AAF17D9}
		{311AF3BA-6AE3-4BBA-A4B1-8CD0901FFA9C} = {EA1542CE-C8E4-4995-A2D1-D69A4AAF17D9}
		{941F7A6C-313B-481E-9EBC-2B82972F8649} = {0A9D75D2-B760-43E3-8A18-1BF2F629D0FB}
		{9E6C8288-7762-4F98-85B1-A3ED29EE0DFF} = {46E6F97B-83C3-4B66-8B0F-226D02DEC5A0}
		{98A70693-9EC7-4965-BC8F-A5646723DAA2} = {5E156987-5CC6-4873-B774-F41CBD7D3F3D}
		{C99E04D0-96EE-4671-980E-5183D2D6A72A} = {5631D9FD-493B-40C6-85CC-D8742DF012CB}
		{EA1542CE-C8E4-4995-A2D1-D69A4AAF17D9} = {FDFF38F4-A459-4809-BA63-01A2BEC131ED}
		{0FAF1324-E5B2-4B4B-8B6F-7CE5AA175633} = {EA1542CE-C8E4-4995-A2D1-D69A4AAF17D9}
		{428D3B67-D0A7-4957-AB69-FE2CB5F99FBC} = {EA1542CE-C8E4-4995-A2D1-D69A4AAF17D9}
	EndGlobalSection
	GlobalSection(ExtensibilityGlobals) = postSolution
		SolutionGuid = {945CA52C-0E28-4020-A241-BDE73D8384AA}
	EndGlobalSection
EndGlobal
